# Phase 6 scope snapshot (blocked)
# Planned files to implement per final stubs but not yet materialized.
rag-app/backend/app/routes/orchestrator.py
rag-app/backend/app/routes/passes.py
rag-app/backend/app/services/rag_pass_service/__init__.py
rag-app/backend/app/services/rag_pass_service/main.py
rag-app/backend/app/services/rag_pass_service/passes_controller.py
rag-app/backend/app/services/rag_pass_service/packages/__init__.py
rag-app/backend/app/services/rag_pass_service/packages/retrieval/__init__.py
rag-app/backend/app/services/rag_pass_service/packages/retrieval/hybrid.py
rag-app/backend/app/services/rag_pass_service/packages/rank/__init__.py
rag-app/backend/app/services/rag_pass_service/packages/rank/fluid.py
rag-app/backend/app/services/rag_pass_service/packages/rank/hep.py
rag-app/backend/app/services/rag_pass_service/packages/rank/graph.py
rag-app/backend/app/services/rag_pass_service/packages/compose/__init__.py
rag-app/backend/app/services/rag_pass_service/packages/compose/context.py
rag-app/backend/app/services/rag_pass_service/packages/prompts/__init__.py
rag-app/backend/app/services/rag_pass_service/packages/prompts/mechanical.py
rag-app/backend/app/services/rag_pass_service/packages/prompts/electrical.py
rag-app/backend/app/services/rag_pass_service/packages/prompts/software.py
rag-app/backend/app/services/rag_pass_service/packages/prompts/controls.py
rag-app/backend/app/services/rag_pass_service/packages/prompts/project_mgmt.py
rag-app/backend/app/services/rag_pass_service/packages/emit/__init__.py
rag-app/backend/app/services/rag_pass_service/packages/emit/results.py
rag-app/backend/app/adapters/storage.py
rag-app/backend/app/adapters/llm.py
rag-app/backend/app/adapters/db.py
rag-app/backend/app/contracts/ids.py
rag-app/backend/app/contracts/ingest.py
rag-app/backend/app/contracts/parsing.py
rag-app/backend/app/contracts/passes.py
rag-app/backend/app/tests/e2e/__init__.py
rag-app/backend/app/tests/e2e/test_pipeline_e2e.py
rag-app/backend/app/tests/unit/test_passes.py
rag-app/backend/app/tests/contracts/__init__.py
rag-app/backend/app/tests/contracts/test_contract_shapes.py
rag-app/frontend/js/apiClient.js
rag-app/frontend/js/models/JobModel.js
rag-app/frontend/js/models/PassResultModel.js
rag-app/frontend/js/viewmodels/UploadVM.js
rag-app/frontend/js/viewmodels/PipelineVM.js
rag-app/frontend/js/views/UploadView.js
rag-app/frontend/js/views/PipelineView.js
rag-app/frontend/js/views/ResultsView.js
