rag-app/backend/app/contracts/headers.py
rag-app/backend/app/routes/headers.py
rag-app/backend/app/routes/__init__.py
rag-app/backend/app/main.py
rag-app/backend/app/services/__init__.py
rag-app/backend/app/services/header_service/__init__.py
rag-app/backend/app/services/header_service/main.py
rag-app/backend/app/services/header_service/header_controller.py
rag-app/backend/app/services/header_service/packages/__init__.py
rag-app/backend/app/services/header_service/packages/heur/__init__.py
rag-app/backend/app/services/header_service/packages/heur/regex_bank.py
rag-app/backend/app/services/header_service/packages/score/__init__.py
rag-app/backend/app/services/header_service/packages/score/typo_features.py
rag-app/backend/app/services/header_service/packages/join/__init__.py
rag-app/backend/app/services/header_service/packages/join/stitcher.py
rag-app/backend/app/services/header_service/packages/repair/__init__.py
rag-app/backend/app/services/header_service/packages/repair/sequence.py
rag-app/backend/app/services/header_service/packages/rechunk/__init__.py
rag-app/backend/app/services/header_service/packages/rechunk/by_headers.py
rag-app/backend/app/tests/unit/test_headers.py
PHASE_5_NOTES.md
